// !$*UTF8*$!
{
	archiveVersion = 1;
	classes = {
	};
	objectVersion = 50;
	objects = {

/* Begin PBXBuildFile section */
		110B5E26243CBB4B002CBD41 /* MapVC.storyboard in Resources */ = {isa = PBXBuildFile; fileRef = 110B5E22243CBB47002CBD41 /* MapVC.storyboard */; };
		110B5E28243CBB4B002CBD41 /* MapVC.swift in Sources */ = {isa = PBXBuildFile; fileRef = 110B5E24243CBB4A002CBD41 /* MapVC.swift */; };
		110D03982382B1890074ABB2 /* AppDelegate.swift in Sources */ = {isa = PBXBuildFile; fileRef = 110D03972382B1890074ABB2 /* AppDelegate.swift */; };
		110F777D2382C7A700FC3FF4 /* Assets.xcassets in Resources */ = {isa = PBXBuildFile; fileRef = 110F77772382C70E00FC3FF4 /* Assets.xcassets */; };
		110F77842382C87A00FC3FF4 /* LaunchScreen.storyboard in Resources */ = {isa = PBXBuildFile; fileRef = 110F77822382C87A00FC3FF4 /* LaunchScreen.storyboard */; };
		1172A04824A4D79200FE3C19 /* GoogleDataTransport.framework in Frameworks */ = {isa = PBXBuildFile; fileRef = 11C8B3FF2444DD2E006CE2B2 /* GoogleDataTransport.framework */; };
		11AFCF4F2444B8C400E65F97 /* YandexMapKit.framework in Frameworks */ = {isa = PBXBuildFile; fileRef = 11AFCF4C2444B87E00E65F97 /* YandexMapKit.framework */; };
		11AFCF542444BE9500E65F97 /* YandexRuntime.framework in Frameworks */ = {isa = PBXBuildFile; fileRef = 11AFCF532444BE9400E65F97 /* YandexRuntime.framework */; };
/* End PBXBuildFile section */

/* Begin PBXFileReference section */
		110B5E22243CBB47002CBD41 /* MapVC.storyboard */ = {isa = PBXFileReference; fileEncoding = 4; lastKnownFileType = file.storyboard; path = MapVC.storyboard; sourceTree = "<group>"; };
		110B5E24243CBB4A002CBD41 /* MapVC.swift */ = {isa = PBXFileReference; fileEncoding = 4; lastKnownFileType = sourcecode.swift; path = MapVC.swift; sourceTree = "<group>"; };
		110D03942382B1890074ABB2 /* YandexMapKitCarthageDemo.app */ = {isa = PBXFileReference; explicitFileType = wrapper.application; includeInIndex = 0; path = YandexMapKitCarthageDemo.app; sourceTree = BUILT_PRODUCTS_DIR; };
		110D03972382B1890074ABB2 /* AppDelegate.swift */ = {isa = PBXFileReference; lastKnownFileType = sourcecode.swift; path = AppDelegate.swift; sourceTree = "<group>"; };
		110F77772382C70E00FC3FF4 /* Assets.xcassets */ = {isa = PBXFileReference; lastKnownFileType = folder.assetcatalog; path = Assets.xcassets; sourceTree = "<group>"; };
		110F777B2382C74E00FC3FF4 /* Info.plist */ = {isa = PBXFileReference; fileEncoding = 4; lastKnownFileType = text.plist.xml; path = Info.plist; sourceTree = "<group>"; };
		110F77822382C87A00FC3FF4 /* LaunchScreen.storyboard */ = {isa = PBXFileReference; fileEncoding = 4; lastKnownFileType = file.storyboard; path = LaunchScreen.storyboard; sourceTree = "<group>"; };
		11AFCF4C2444B87E00E65F97 /* YandexMapKit.framework */ = {isa = PBXFileReference; lastKnownFileType = wrapper.framework; name = YandexMapKit.framework; path = Carthage/Build/iOS/YandexMaps/YandexMapKit.framework; sourceTree = "<group>"; };
		11AFCF532444BE9400E65F97 /* YandexRuntime.framework */ = {isa = PBXFileReference; lastKnownFileType = wrapper.framework; name = YandexRuntime.framework; path = Carthage/Build/iOS/YandexMaps/YandexRuntime.framework; sourceTree = "<group>"; };
		11C8B3FF2444DD2E006CE2B2 /* GoogleDataTransport.framework */ = {isa = PBXFileReference; lastKnownFileType = wrapper.framework; name = GoogleDataTransport.framework; path = Carthage/Build/iOS/GoogleDataTransport.framework; sourceTree = "<group>"; };
/* End PBXFileReference section */

/* Begin PBXFrameworksBuildPhase section */
		110D03912382B1890074ABB2 /* Frameworks */ = {
			isa = PBXFrameworksBuildPhase;
			buildActionMask = 2147483647;
			files = (
				11AFCF4F2444B8C400E65F97 /* YandexMapKit.framework in Frameworks */,
				1172A04824A4D79200FE3C19 /* GoogleDataTransport.framework in Frameworks */,
				11AFCF542444BE9500E65F97 /* YandexRuntime.framework in Frameworks */,
			);
			runOnlyForDeploymentPostprocessing = 0;
		};
/* End PBXFrameworksBuildPhase section */

/* Begin PBXGroup section */
		110B5E20243CBA36002CBD41 /* Map */ = {
			isa = PBXGroup;
			children = (
				110B5E24243CBB4A002CBD41 /* MapVC.swift */,
				110B5E22243CBB47002CBD41 /* MapVC.storyboard */,
			);
			path = Map;
			sourceTree = "<group>";
		};
		110D038B2382B1890074ABB2 = {
			isa = PBXGroup;
			children = (
				110D03962382B1890074ABB2 /* YandexMapKitCarthageDemo */,
				110D03952382B1890074ABB2 /* Products */,
				11B72C1C2383BFD700613C48 /* Frameworks */,
			);
			sourceTree = "<group>";
		};
		110D03952382B1890074ABB2 /* Products */ = {
			isa = PBXGroup;
			children = (
				110D03942382B1890074ABB2 /* YandexMapKitCarthageDemo.app */,
			);
			name = Products;
			sourceTree = "<group>";
		};
		110D03962382B1890074ABB2 /* YandexMapKitCarthageDemo */ = {
			isa = PBXGroup;
			children = (
				110B5E20243CBA36002CBD41 /* Map */,
				110F77762382C6E600FC3FF4 /* Resources */,
				110D03972382B1890074ABB2 /* AppDelegate.swift */,
			);
			path = YandexMapKitCarthageDemo;
			sourceTree = "<group>";
		};
		110F77762382C6E600FC3FF4 /* Resources */ = {
			isa = PBXGroup;
			children = (
				110F777A2382C74000FC3FF4 /* Properties */,
				110F77772382C70E00FC3FF4 /* Assets.xcassets */,
				110F77822382C87A00FC3FF4 /* LaunchScreen.storyboard */,
			);
			path = Resources;
			sourceTree = "<group>";
		};
		110F777A2382C74000FC3FF4 /* Properties */ = {
			isa = PBXGroup;
			children = (
				110F777B2382C74E00FC3FF4 /* Info.plist */,
			);
			path = Properties;
			sourceTree = "<group>";
		};
		11B72C1C2383BFD700613C48 /* Frameworks */ = {
			isa = PBXGroup;
			children = (
				11C8B3FF2444DD2E006CE2B2 /* GoogleDataTransport.framework */,
				11AFCF4C2444B87E00E65F97 /* YandexMapKit.framework */,
				11AFCF532444BE9400E65F97 /* YandexRuntime.framework */,
			);
			name = Frameworks;
			sourceTree = "<group>";
		};
/* End PBXGroup section */

/* Begin PBXNativeTarget section */
		110D03932382B1890074ABB2 /* YandexMapKitCarthageDemo */ = {
			isa = PBXNativeTarget;
			buildConfigurationList = 110D03A82382B18B0074ABB2 /* Build configuration list for PBXNativeTarget "YandexMapKitCarthageDemo" */;
			buildPhases = (
				110D03902382B1890074ABB2 /* Sources */,
				110D03912382B1890074ABB2 /* Frameworks */,
				110D03922382B1890074ABB2 /* Resources */,
				1176FFD92383CC79003D593A /* ShellScript */,
			);
			buildRules = (
			);
			dependencies = (
			);
			name = YandexMapKitCarthageDemo;
			productName = YandexMapKitCarthageDemo;
			productReference = 110D03942382B1890074ABB2 /* YandexMapKitCarthageDemo.app */;
			productType = "com.apple.product-type.application";
		};
/* End PBXNativeTarget section */

/* Begin PBXProject section */
		110D038C2382B1890074ABB2 /* Project object */ = {
			isa = PBXProject;
			attributes = {
				LastSwiftUpdateCheck = 1120;
				LastUpgradeCheck = 1120;
				ORGANIZATIONNAME = ARGAMX;
				TargetAttributes = {
					110D03932382B1890074ABB2 = {
						CreatedOnToolsVersion = 11.2.1;
						LastSwiftMigration = 1120;
					};
				};
			};
			buildConfigurationList = 110D038F2382B1890074ABB2 /* Build configuration list for PBXProject "YandexMapKitCarthageDemo" */;
			compatibilityVersion = "Xcode 9.3";
			developmentRegion = en;
			hasScannedForEncodings = 0;
			knownRegions = (
				en,
				Base,
			);
			mainGroup = 110D038B2382B1890074ABB2;
			productRefGroup = 110D03952382B1890074ABB2 /* Products */;
			projectDirPath = "";
			projectRoot = "";
			targets = (
				110D03932382B1890074ABB2 /* YandexMapKitCarthageDemo */,
			);
		};
/* End PBXProject section */

/* Begin PBXResourcesBuildPhase section */
		110D03922382B1890074ABB2 /* Resources */ = {
			isa = PBXResourcesBuildPhase;
			buildActionMask = 2147483647;
			files = (
				110F777D2382C7A700FC3FF4 /* Assets.xcassets in Resources */,
				110F77842382C87A00FC3FF4 /* LaunchScreen.storyboard in Resources */,
				110B5E26243CBB4B002CBD41 /* MapVC.storyboard in Resources */,
			);
			runOnlyForDeploymentPostprocessing = 0;
		};
/* End PBXResourcesBuildPhase section */

/* Begin PBXShellScriptBuildPhase section */
		1176FFD92383CC79003D593A /* ShellScript */ = {
			isa = PBXShellScriptBuildPhase;
			buildActionMask = 2147483647;
			files = (
			);
			inputFileListPaths = (
			);
			inputPaths = (
			);
			outputFileListPaths = (
			);
			outputPaths = (
			);
			runOnlyForDeploymentPostprocessing = 0;
			shellPath = /bin/sh;
			shellScript = "\n\nAPP_PATH=\"${TARGET_BUILD_DIR}/${WRAPPER_NAME}\"\n\n# This script loops through the frameworks embedded in the application and\n# removes unused architectures.\nfind \"$APP_PATH\" -name '*.framework' -type d | while read -r FRAMEWORK\ndo\nFRAMEWORK_EXECUTABLE_NAME=$(defaults read \"$FRAMEWORK/Info.plist\" CFBundleExecutable)\nFRAMEWORK_EXECUTABLE_PATH=\"$FRAMEWORK/$FRAMEWORK_EXECUTABLE_NAME\"\necho \"Executable is $FRAMEWORK_EXECUTABLE_PATH\"\n\nEXTRACTED_ARCHS=()\n\nfor ARCH in $ARCHS\ndo\necho \"Extracting $ARCH from $FRAMEWORK_EXECUTABLE_NAME\"\nlipo -extract \"$ARCH\" \"$FRAMEWORK_EXECUTABLE_PATH\" -o \"$FRAMEWORK_EXECUTABLE_PATH-$ARCH\"\nEXTRACTED_ARCHS+=(\"$FRAMEWORK_EXECUTABLE_PATH-$ARCH\")\ndone\n\necho \"Merging extracted architectures: ${ARCHS}\"\nlipo -o \"$FRAMEWORK_EXECUTABLE_PATH-merged\" -create \"${EXTRACTED_ARCHS[@]}\"\nrm \"${EXTRACTED_ARCHS[@]}\"\n\necho \"Replacing original executable with thinned version\"\nrm \"$FRAMEWORK_EXECUTABLE_PATH\"\nmv \"$FRAMEWORK_EXECUTABLE_PATH-merged\" \"$FRAMEWORK_EXECUTABLE_PATH\"\n\ndone\n\n/usr/local/bin/carthage copy-frameworks\n";
			showEnvVarsInLog = 0;
		};
/* End PBXShellScriptBuildPhase section */

/* Begin PBXSourcesBuildPhase section */
		110D03902382B1890074ABB2 /* Sources */ = {
			isa = PBXSourcesBuildPhase;
			buildActionMask = 2147483647;
			files = (
				110D03982382B1890074ABB2 /* AppDelegate.swift in Sources */,
				110B5E28243CBB4B002CBD41 /* MapVC.swift in Sources */,
			);
			runOnlyForDeploymentPostprocessing = 0;
		};
/* End PBXSourcesBuildPhase section */

/* Begin XCBuildConfiguration section */
		110D03A62382B18B0074ABB2 /* Debug */ = {
			isa = XCBuildConfiguration;
			buildSettings = {
				ALWAYS_SEARCH_USER_PATHS = NO;
				CLANG_ANALYZER_NONNULL = YES;
				CLANG_ANALYZER_NUMBER_OBJECT_CONVERSION = YES_AGGRESSIVE;
				CLANG_CXX_LANGUAGE_STANDARD = "gnu++14";
				CLANG_CXX_LIBRARY = "libc++";
				CLANG_ENABLE_MODULES = YES;
				CLANG_ENABLE_OBJC_ARC = YES;
				CLANG_ENABLE_OBJC_WEAK = YES;
				CLANG_WARN_BLOCK_CAPTURE_AUTORELEASING = YES;
				CLANG_WARN_BOOL_CONVERSION = YES;
				CLANG_WARN_COMMA = YES;
				CLANG_WARN_CONSTANT_CONVERSION = YES;
				CLANG_WARN_DEPRECATED_OBJC_IMPLEMENTATIONS = YES;
				CLANG_WARN_DIRECT_OBJC_ISA_USAGE = YES_ERROR;
				CLANG_WARN_DOCUMENTATION_COMMENTS = YES;
				CLANG_WARN_EMPTY_BODY = YES;
				CLANG_WARN_ENUM_CONVERSION = YES;
				CLANG_WARN_INFINITE_RECURSION = YES;
				CLANG_WARN_INT_CONVERSION = YES;
				CLANG_WARN_NON_LITERAL_NULL_CONVERSION = YES;
				CLANG_WARN_OBJC_IMPLICIT_RETAIN_SELF = YES;
				CLANG_WARN_OBJC_LITERAL_CONVERSION = YES;
				CLANG_WARN_OBJC_ROOT_CLASS = YES_ERROR;
				CLANG_WARN_RANGE_LOOP_ANALYSIS = YES;
				CLANG_WARN_STRICT_PROTOTYPES = YES;
				CLANG_WARN_SUSPICIOUS_MOVE = YES;
				CLANG_WARN_UNGUARDED_AVAILABILITY = YES_AGGRESSIVE;
				CLANG_WARN_UNREACHABLE_CODE = YES;
				CLANG_WARN__DUPLICATE_METHOD_MATCH = YES;
				COPY_PHASE_STRIP = NO;
				DEBUG_INFORMATION_FORMAT = dwarf;
				ENABLE_STRICT_OBJC_MSGSEND = YES;
				ENABLE_TESTABILITY = YES;
				GCC_C_LANGUAGE_STANDARD = gnu11;
				GCC_DYNAMIC_NO_PIC = NO;
				GCC_NO_COMMON_BLOCKS = YES;
				GCC_OPTIMIZATION_LEVEL = 0;
				GCC_PREPROCESSOR_DEFINITIONS = (
					"DEBUG=1",
					"$(inherited)",
				);
				GCC_WARN_64_TO_32_BIT_CONVERSION = YES;
				GCC_WARN_ABOUT_RETURN_TYPE = YES_ERROR;
				GCC_WARN_UNDECLARED_SELECTOR = YES;
				GCC_WARN_UNINITIALIZED_AUTOS = YES_AGGRESSIVE;
				GCC_WARN_UNUSED_FUNCTION = YES;
				GCC_WARN_UNUSED_VARIABLE = YES;
				IPHONEOS_DEPLOYMENT_TARGET = 10.0;
				MTL_ENABLE_DEBUG_INFO = INCLUDE_SOURCE;
				MTL_FAST_MATH = YES;
				ONLY_ACTIVE_ARCH = YES;
				SDKROOT = iphoneos;
				SWIFT_ACTIVE_COMPILATION_CONDITIONS = DEBUG;
				SWIFT_OPTIMIZATION_LEVEL = "-Onone";
			};
			name = Debug;
		};
		110D03A72382B18B0074ABB2 /* Release */ = {
			isa = XCBuildConfiguration;
			buildSettings = {
				ALWAYS_SEARCH_USER_PATHS = NO;
				CLANG_ANALYZER_NONNULL = YES;
				CLANG_ANALYZER_NUMBER_OBJECT_CONVERSION = YES_AGGRESSIVE;
				CLANG_CXX_LANGUAGE_STANDARD = "gnu++14";
				CLANG_CXX_LIBRARY = "libc++";
				CLANG_ENABLE_MODULES = YES;
				CLANG_ENABLE_OBJC_ARC = YES;
				CLANG_ENABLE_OBJC_WEAK = YES;
				CLANG_WARN_BLOCK_CAPTURE_AUTORELEASING = YES;
				CLANG_WARN_BOOL_CONVERSION = YES;
				CLANG_WARN_COMMA = YES;
				CLANG_WARN_CONSTANT_CONVERSION = YES;
				CLANG_WARN_DEPRECATED_OBJC_IMPLEMENTATIONS = YES;
				CLANG_WARN_DIRECT_OBJC_ISA_USAGE = YES_ERROR;
				CLANG_WARN_DOCUMENTATION_COMMENTS = YES;
				CLANG_WARN_EMPTY_BODY = YES;
				CLANG_WARN_ENUM_CONVERSION = YES;
				CLANG_WARN_INFINITE_RECURSION = YES;
				CLANG_WARN_INT_CONVERSION = YES;
				CLANG_WARN_NON_LITERAL_NULL_CONVERSION = YES;
				CLANG_WARN_OBJC_IMPLICIT_RETAIN_SELF = YES;
				CLANG_WARN_OBJC_LITERAL_CONVERSION = YES;
				CLANG_WARN_OBJC_ROOT_CLASS = YES_ERROR;
				CLANG_WARN_RANGE_LOOP_ANALYSIS = YES;
				CLANG_WARN_STRICT_PROTOTYPES = YES;
				CLANG_WARN_SUSPICIOUS_MOVE = YES;
				CLANG_WARN_UNGUARDED_AVAILABILITY = YES_AGGRESSIVE;
				CLANG_WARN_UNREACHABLE_CODE = YES;
				CLANG_WARN__DUPLICATE_METHOD_MATCH = YES;
				COPY_PHASE_STRIP = NO;
				DEBUG_INFORMATION_FORMAT = "dwarf-with-dsym";
				ENABLE_NS_ASSERTIONS = NO;
				ENABLE_STRICT_OBJC_MSGSEND = YES;
				GCC_C_LANGUAGE_STANDARD = gnu11;
				GCC_NO_COMMON_BLOCKS = YES;
				GCC_WARN_64_TO_32_BIT_CONVERSION = YES;
				GCC_WARN_ABOUT_RETURN_TYPE = YES_ERROR;
				GCC_WARN_UNDECLARED_SELECTOR = YES;
				GCC_WARN_UNINITIALIZED_AUTOS = YES_AGGRESSIVE;
				GCC_WARN_UNUSED_FUNCTION = YES;
				GCC_WARN_UNUSED_VARIABLE = YES;
				IPHONEOS_DEPLOYMENT_TARGET = 10.0;
				MTL_ENABLE_DEBUG_INFO = NO;
				MTL_FAST_MATH = YES;
				SDKROOT = iphoneos;
				SWIFT_COMPILATION_MODE = wholemodule;
				SWIFT_OPTIMIZATION_LEVEL = "-O";
				VALIDATE_PRODUCT = YES;
			};
			name = Release;
		};
		110D03A92382B18B0074ABB2 /* Debug */ = {
			isa = XCBuildConfiguration;
			buildSettings = {
				ASSETCATALOG_COMPILER_APPICON_NAME = AppIcon;
				CLANG_ENABLE_MODULES = YES;
				CODE_SIGN_IDENTITY = "iPhone Developer";
				CODE_SIGN_INJECT_BASE_ENTITLEMENTS = YES;
				CODE_SIGN_STYLE = Automatic;
				CURRENT_PROJECT_VERSION = 1;
				DEVELOPMENT_TEAM = "";
				ENABLE_BITCODE = NO;
				FRAMEWORK_SEARCH_PATHS = (
					"$(inherited)",
					"$(PROJECT_DIR)/Carthage/Build/iOS/**",
					"$(PROJECT_DIR)/Carthage/Build/iOS",
				);
				INFOPLIST_FILE = YandexMapKitCarthageDemo/Resources/Properties/Info.plist;
				IPHONEOS_DEPLOYMENT_TARGET = 10.0;
				LD_RUNPATH_SEARCH_PATHS = (
					"$(inherited)",
					"@executable_path/Frameworks",
				);
				MARKETING_VERSION = 0.0.1;
				OTHER_LDFLAGS = (
					"$(inherited)",
					"-lc++",
					"-all_load",
				);
				PRODUCT_BUNDLE_IDENTIFIER = com.argamx.yandexmapkit;
				PRODUCT_NAME = YandexMapKitCarthageDemo;
				PROVISIONING_PROFILE_SPECIFIER = "";
				STRIP_BITCODE_FROM_COPIED_FILES = NO;
				SWIFT_OPTIMIZATION_LEVEL = "-Onone";
				SWIFT_VERSION = 5.0;
				TARGETED_DEVICE_FAMILY = 1;
			};
			name = Debug;
		};
		110D03AA2382B18B0074ABB2 /* Release */ = {
			isa = XCBuildConfiguration;
			buildSettings = {
				ASSETCATALOG_COMPILER_APPICON_NAME = AppIcon;
				CLANG_ENABLE_MODULES = YES;
				CODE_SIGN_IDENTITY = "iPhone Developer";
				CODE_SIGN_INJECT_BASE_ENTITLEMENTS = YES;
				CODE_SIGN_STYLE = Automatic;
				CURRENT_PROJECT_VERSION = 1;
				DEVELOPMENT_TEAM = "";
				ENABLE_BITCODE = NO;
				FRAMEWORK_SEARCH_PATHS = (
					"$(inherited)",
					"$(PROJECT_DIR)/Carthage/Build/iOS/**",
					"$(PROJECT_DIR)/Carthage/Build/iOS",
				);
				INFOPLIST_FILE = YandexMapKitCarthageDemo/Resources/Properties/Info.plist;
				IPHONEOS_DEPLOYMENT_TARGET = 10.0;
				LD_RUNPATH_SEARCH_PATHS = (
					"$(inherited)",
					"@executable_path/Frameworks",
				);
				MARKETING_VERSION = 0.0.1;
				OTHER_LDFLAGS = (
					"$(inherited)",
					"-lc++",
					"-all_load",
				);
				PRODUCT_BUNDLE_IDENTIFIER = com.argamx.yandexmapkit;
				PRODUCT_NAME = YandexMapKitCarthageDemo;
				PROVISIONING_PROFILE_SPECIFIER = "";
				STRIP_BITCODE_FROM_COPIED_FILES = NO;
				SWIFT_VERSION = 5.0;
				TARGETED_DEVICE_FAMILY = 1;
			};
			name = Release;
		};
/* End XCBuildConfiguration section */

/* Begin XCConfigurationList section */
		110D038F2382B1890074ABB2 /* Build configuration list for PBXProject "YandexMapKitCarthageDemo" */ = {
			isa = XCConfigurationList;
			buildConfigurations = (
				110D03A62382B18B0074ABB2 /* Debug */,
				110D03A72382B18B0074ABB2 /* Release */,
			);
			defaultConfigurationIsVisible = 0;
			defaultConfigurationName = Release;
		};
		110D03A82382B18B0074ABB2 /* Build configuration list for PBXNativeTarget "YandexMapKitCarthageDemo" */ = {
			isa = XCConfigurationList;
			buildConfigurations = (
				110D03A92382B18B0074ABB2 /* Debug */,
				110D03AA2382B18B0074ABB2 /* Release */,
			);
			defaultConfigurationIsVisible = 0;
			defaultConfigurationName = Release;
		};
/* End XCConfigurationList section */
	};
	rootObject = 110D038C2382B1890074ABB2 /* Project object */;
}
